
Microsoft Visual Studio Solution File, Format Version 12.00
# Visual Studio Version 17
VisualStudioVersion = 17.8.34309.116
MinimumVisualStudioVersion = 10.0.40219.1
Project("{FAE04EC0-301F-11D3-BF4B-00C04F79EFBC}") = "JobPortal2", "JobPortal2\JobPortal2.csproj", "{877AC773-8AFC-48CE-AFD3-8450882CD56E}"
EndProject
Global
	GlobalSection(SolutionConfigurationPlatforms) = preSolution
		Debug|Any CPU = Debug|Any CPU
		Release|Any CPU = Release|Any CPU
	EndGlobalSection
	GlobalSection(ProjectConfigurationPlatforms) = postSolution
		{877AC773-8AFC-48CE-AFD3-8450882CD56E}.Debug|Any CPU.ActiveCfg = Debug|Any CPU
		{877AC773-8AFC-48CE-AFD3-8450882CD56E}.Debug|Any CPU.Build.0 = Debug|Any CPU
		{877AC773-8AFC-48CE-AFD3-8450882CD56E}.Release|Any CPU.ActiveCfg = Release|Any CPU
		{877AC773-8AFC-48CE-AFD3-8450882CD56E}.Release|Any CPU.Build.0 = Release|Any CPU
	EndGlobalSection
	GlobalSection(SolutionProperties) = preSolution
		HideSolutionNode = FALSE
	EndGlobalSection
	GlobalSection(ExtensibilityGlobals) = postSolution
		SolutionGuid = {B59C7C0A-CF39-4AF7-9467-5F80788A0616}
	EndGlobalSection
EndGlobal
